
Microsoft Visual Studio Solution File, Format Version 12.00
# Visual Studio Version 16
VisualStudioVersion = 16.0.32228.343
MinimumVisualStudioVersion = 10.0.40219.1
Project("{FAE04EC0-301F-11D3-BF4B-00C04F79EFBC}") = "P224Mentor", "P224Mentor.csproj", "{1A908105-F3C9-478D-A463-519486D67BBB}"
EndProject
Global
	GlobalSection(SolutionConfigurationPlatforms) = preSolution
		Debug|Any CPU = Debug|Any CPU
		Release|Any CPU = Release|Any CPU
	EndGlobalSection
	GlobalSection(ProjectConfigurationPlatforms) = postSolution
		{1A908105-F3C9-478D-A463-519486D67BBB}.Debug|Any CPU.ActiveCfg = Debug|Any CPU
		{1A908105-F3C9-478D-A463-519486D67BBB}.Debug|Any CPU.Build.0 = Debug|Any CPU
		{1A908105-F3C9-478D-A463-519486D67BBB}.Release|Any CPU.ActiveCfg = Release|Any CPU
		{1A908105-F3C9-478D-A463-519486D67BBB}.Release|Any CPU.Build.0 = Release|Any CPU
	EndGlobalSection
	GlobalSection(SolutionProperties) = preSolution
		HideSolutionNode = FALSE
	EndGlobalSection
	GlobalSection(ExtensibilityGlobals) = postSolution
		SolutionGuid = {B88113FF-017A-4C4B-8062-444FCC15E92C}
	EndGlobalSection
EndGlobal
